
Microsoft Visual Studio Solution File, Format Version 12.00
# Visual Studio Version 16
VisualStudioVersion = 16.0.34301.259
MinimumVisualStudioVersion = 10.0.40219.1
Project("{FAE04EC0-301F-11D3-BF4B-00C04F79EFBC}") = "fatorial_AL", "fatorial_AL.csproj", "{D3F8CFD6-C1A0-4188-A928-050A46C12131}"
EndProject
Global
	GlobalSection(SolutionConfigurationPlatforms) = preSolution
		Debug|Any CPU = Debug|Any CPU
		Release|Any CPU = Release|Any CPU
	EndGlobalSection
	GlobalSection(ProjectConfigurationPlatforms) = postSolution
		{D3F8CFD6-C1A0-4188-A928-050A46C12131}.Debug|Any CPU.ActiveCfg = Debug|Any CPU
		{D3F8CFD6-C1A0-4188-A928-050A46C12131}.Debug|Any CPU.Build.0 = Debug|Any CPU
		{D3F8CFD6-C1A0-4188-A928-050A46C12131}.Release|Any CPU.ActiveCfg = Release|Any CPU
		{D3F8CFD6-C1A0-4188-A928-050A46C12131}.Release|Any CPU.Build.0 = Release|Any CPU
	EndGlobalSection
	GlobalSection(SolutionProperties) = preSolution
		HideSolutionNode = FALSE
	EndGlobalSection
	GlobalSection(ExtensibilityGlobals) = postSolution
		SolutionGuid = {8590C630-0A0A-416D-8882-E55D8FD69561}
	EndGlobalSection
EndGlobal
